
Microsoft Visual Studio Solution File, Format Version 11.00
# Visual Studio 2010
Project("{FAE04EC0-301F-11D3-BF4B-00C04F79EFBC}") = "例题3_1", "例题3_1\例题3_1.csproj", "{70417F30-BA34-473B-8E40-1649598E699F}"
EndProject
Project("{FAE04EC0-301F-11D3-BF4B-00C04F79EFBC}") = "例题3_2", "例题3_2\例题3_2.csproj", "{71865E99-8B1A-4A58-8C6B-D67F4A5D3243}"
EndProject
Project("{FAE04EC0-301F-11D3-BF4B-00C04F79EFBC}") = "例题3_3", "例题3_3\例题3_3.csproj", "{A85875A9-B6DC-462F-892F-2F275068B831}"
EndProject
Project("{FAE04EC0-301F-11D3-BF4B-00C04F79EFBC}") = "例题3_4", "例题3_4\例题3_4.csproj", "{80442770-9FE9-47FA-8B75-DB42EDC0A404}"
EndProject
Project("{FAE04EC0-301F-11D3-BF4B-00C04F79EFBC}") = "例题3_5", "例题3_5\例题3_5.csproj", "{715EDC29-E81D-4F23-8D6E-DAF6DFEBBE6D}"
EndProject
Project("{FAE04EC0-301F-11D3-BF4B-00C04F79EFBC}") = "例题3_6", "例题3_6\例题3_6.csproj", "{C527C6CA-384A-4A81-B435-0AC6FE4F83EF}"
EndProject
Project("{FAE04EC0-301F-11D3-BF4B-00C04F79EFBC}") = "例题3_7", "例题3_7\例题3_7.csproj", "{CF2BF10B-0154-49EC-98A1-65A88D1AC997}"
EndProject
Project("{FAE04EC0-301F-11D3-BF4B-00C04F79EFBC}") = "例题3_8", "例题3_8\例题3_8.csproj", "{B0C4CCC0-9005-42F7-A2CA-DCB7787DC983}"
EndProject
Project("{FAE04EC0-301F-11D3-BF4B-00C04F79EFBC}") = "例题3_9", "例题3_9\例题3_9.csproj", "{5FA56733-54F6-4A30-BE67-82D2261EFB41}"
EndProject
Project("{FAE04EC0-301F-11D3-BF4B-00C04F79EFBC}") = "作业1_1", "作业1_1\作业1_1.csproj", "{5B8B3C38-69EF-404B-AE58-3C2178E56162}"
EndProject
Project("{FAE04EC0-301F-11D3-BF4B-00C04F79EFBC}") = "作业1_2", "作业1_2\作业1_2.csproj", "{F3B9461F-CB4A-4E4C-9C27-36449B1E8C7F}"
EndProject
Project("{FAE04EC0-301F-11D3-BF4B-00C04F79EFBC}") = "作业1_3", "作业1_3\作业1_3.csproj", "{B196CD7F-0C40-43CE-BCF0-0BF5551AD9BD}"
EndProject
Project("{FAE04EC0-301F-11D3-BF4B-00C04F79EFBC}") = "作业1_4", "作业1_4\作业1_4.csproj", "{1AE27CE1-CB7A-476F-A7CC-0CE47F1B727A}"
EndProject
Project("{FAE04EC0-301F-11D3-BF4B-00C04F79EFBC}") = "AddressList", "AddressList\AddressList\AddressList.csproj", "{983C672F-656D-466A-B3E6-B12BED1D74E6}"
EndProject
Project("{FAE04EC0-301F-11D3-BF4B-00C04F79EFBC}") = "Player", "Player\Player\Player.csproj", "{2CB3EF42-2F1D-47FF-8435-88810A05F7DF}"
EndProject
Project("{FAE04EC0-301F-11D3-BF4B-00C04F79EFBC}") = "DRAW", "DRAW\DRAW\DRAW.csproj", "{869C7787-6C82-4EA0-98FA-5633B713F16B}"
EndProject
Project("{FAE04EC0-301F-11D3-BF4B-00C04F79EFBC}") = "TXT", "Text\WindowsFormsApplication1\TXT.csproj", "{ACE2955A-8D3A-4B4F-9679-8C4748C4576E}"
EndProject
Project("{FAE04EC0-301F-11D3-BF4B-00C04F79EFBC}") = "ArcsoftFaceTest", "基于人脸识别的签到系统\ArcsoftFaceTest\ArcsoftFaceTest.csproj", "{D6A4A2A9-CC47-4BCA-8F40-60CED5B30C13}"
EndProject
Global
	GlobalSection(SolutionConfigurationPlatforms) = preSolution
		Debug|x86 = Debug|x86
		Release|x86 = Release|x86
	EndGlobalSection
	GlobalSection(ProjectConfigurationPlatforms) = postSolution
		{70417F30-BA34-473B-8E40-1649598E699F}.Debug|x86.ActiveCfg = Debug|x86
		{70417F30-BA34-473B-8E40-1649598E699F}.Debug|x86.Build.0 = Debug|x86
		{70417F30-BA34-473B-8E40-1649598E699F}.Release|x86.ActiveCfg = Release|x86
		{70417F30-BA34-473B-8E40-1649598E699F}.Release|x86.Build.0 = Release|x86
		{71865E99-8B1A-4A58-8C6B-D67F4A5D3243}.Debug|x86.ActiveCfg = Debug|x86
		{71865E99-8B1A-4A58-8C6B-D67F4A5D3243}.Debug|x86.Build.0 = Debug|x86
		{71865E99-8B1A-4A58-8C6B-D67F4A5D3243}.Release|x86.ActiveCfg = Release|x86
		{71865E99-8B1A-4A58-8C6B-D67F4A5D3243}.Release|x86.Build.0 = Release|x86
		{A85875A9-B6DC-462F-892F-2F275068B831}.Debug|x86.ActiveCfg = Debug|x86
		{A85875A9-B6DC-462F-892F-2F275068B831}.Debug|x86.Build.0 = Debug|x86
		{A85875A9-B6DC-462F-892F-2F275068B831}.Release|x86.ActiveCfg = Release|x86
		{A85875A9-B6DC-462F-892F-2F275068B831}.Release|x86.Build.0 = Release|x86
		{80442770-9FE9-47FA-8B75-DB42EDC0A404}.Debug|x86.ActiveCfg = Debug|x86
		{80442770-9FE9-47FA-8B75-DB42EDC0A404}.Debug|x86.Build.0 = Debug|x86
		{80442770-9FE9-47FA-8B75-DB42EDC0A404}.Release|x86.ActiveCfg = Release|x86
		{80442770-9FE9-47FA-8B75-DB42EDC0A404}.Release|x86.Build.0 = Release|x86
		{715EDC29-E81D-4F23-8D6E-DAF6DFEBBE6D}.Debug|x86.ActiveCfg = Debug|x86
		{715EDC29-E81D-4F23-8D6E-DAF6DFEBBE6D}.Debug|x86.Build.0 = Debug|x86
		{715EDC29-E81D-4F23-8D6E-DAF6DFEBBE6D}.Release|x86.ActiveCfg = Release|x86
		{715EDC29-E81D-4F23-8D6E-DAF6DFEBBE6D}.Release|x86.Build.0 = Release|x86
		{C527C6CA-384A-4A81-B435-0AC6FE4F83EF}.Debug|x86.ActiveCfg = Debug|x86
		{C527C6CA-384A-4A81-B435-0AC6FE4F83EF}.Debug|x86.Build.0 = Debug|x86
		{C527C6CA-384A-4A81-B435-0AC6FE4F83EF}.Release|x86.ActiveCfg = Release|x86
		{C527C6CA-384A-4A81-B435-0AC6FE4F83EF}.Release|x86.Build.0 = Release|x86
		{CF2BF10B-0154-49EC-98A1-65A88D1AC997}.Debug|x86.ActiveCfg = Debug|x86
		{CF2BF10B-0154-49EC-98A1-65A88D1AC997}.Debug|x86.Build.0 = Debug|x86
		{CF2BF10B-0154-49EC-98A1-65A88D1AC997}.Release|x86.ActiveCfg = Release|x86
		{CF2BF10B-0154-49EC-98A1-65A88D1AC997}.Release|x86.Build.0 = Release|x86
		{B0C4CCC0-9005-42F7-A2CA-DCB7787DC983}.Debug|x86.ActiveCfg = Debug|x86
		{B0C4CCC0-9005-42F7-A2CA-DCB7787DC983}.Debug|x86.Build.0 = Debug|x86
		{B0C4CCC0-9005-42F7-A2CA-DCB7787DC983}.Release|x86.ActiveCfg = Release|x86
		{B0C4CCC0-9005-42F7-A2CA-DCB7787DC983}.Release|x86.Build.0 = Release|x86
		{5FA56733-54F6-4A30-BE67-82D2261EFB41}.Debug|x86.ActiveCfg = Debug|x86
		{5FA56733-54F6-4A30-BE67-82D2261EFB41}.Debug|x86.Build.0 = Debug|x86
		{5FA56733-54F6-4A30-BE67-82D2261EFB41}.Release|x86.ActiveCfg = Release|x86
		{5FA56733-54F6-4A30-BE67-82D2261EFB41}.Release|x86.Build.0 = Release|x86
		{5B8B3C38-69EF-404B-AE58-3C2178E56162}.Debug|x86.ActiveCfg = Debug|x86
		{5B8B3C38-69EF-404B-AE58-3C2178E56162}.Debug|x86.Build.0 = Debug|x86
		{5B8B3C38-69EF-404B-AE58-3C2178E56162}.Release|x86.ActiveCfg = Release|x86
		{5B8B3C38-69EF-404B-AE58-3C2178E56162}.Release|x86.Build.0 = Release|x86
		{F3B9461F-CB4A-4E4C-9C27-36449B1E8C7F}.Debug|x86.ActiveCfg = Debug|x86
		{F3B9461F-CB4A-4E4C-9C27-36449B1E8C7F}.Debug|x86.Build.0 = Debug|x86
		{F3B9461F-CB4A-4E4C-9C27-36449B1E8C7F}.Release|x86.ActiveCfg = Release|x86
		{F3B9461F-CB4A-4E4C-9C27-36449B1E8C7F}.Release|x86.Build.0 = Release|x86
		{B196CD7F-0C40-43CE-BCF0-0BF5551AD9BD}.Debug|x86.ActiveCfg = Debug|x86
		{B196CD7F-0C40-43CE-BCF0-0BF5551AD9BD}.Debug|x86.Build.0 = Debug|x86
		{B196CD7F-0C40-43CE-BCF0-0BF5551AD9BD}.Release|x86.ActiveCfg = Release|x86
		{B196CD7F-0C40-43CE-BCF0-0BF5551AD9BD}.Release|x86.Build.0 = Release|x86
		{1AE27CE1-CB7A-476F-A7CC-0CE47F1B727A}.Debug|x86.ActiveCfg = Debug|x86
		{1AE27CE1-CB7A-476F-A7CC-0CE47F1B727A}.Debug|x86.Build.0 = Debug|x86
		{1AE27CE1-CB7A-476F-A7CC-0CE47F1B727A}.Release|x86.ActiveCfg = Release|x86
		{1AE27CE1-CB7A-476F-A7CC-0CE47F1B727A}.Release|x86.Build.0 = Release|x86
		{983C672F-656D-466A-B3E6-B12BED1D74E6}.Debug|x86.ActiveCfg = Debug|x86
		{983C672F-656D-466A-B3E6-B12BED1D74E6}.Debug|x86.Build.0 = Debug|x86
		{983C672F-656D-466A-B3E6-B12BED1D74E6}.Release|x86.ActiveCfg = Release|x86
		{983C672F-656D-466A-B3E6-B12BED1D74E6}.Release|x86.Build.0 = Release|x86
		{2CB3EF42-2F1D-47FF-8435-88810A05F7DF}.Debug|x86.ActiveCfg = Debug|x86
		{2CB3EF42-2F1D-47FF-8435-88810A05F7DF}.Debug|x86.Build.0 = Debug|x86
		{2CB3EF42-2F1D-47FF-8435-88810A05F7DF}.Release|x86.ActiveCfg = Release|x86
		{2CB3EF42-2F1D-47FF-8435-88810A05F7DF}.Release|x86.Build.0 = Release|x86
		{869C7787-6C82-4EA0-98FA-5633B713F16B}.Debug|x86.ActiveCfg = Debug|x86
		{869C7787-6C82-4EA0-98FA-5633B713F16B}.Debug|x86.Build.0 = Debug|x86
		{869C7787-6C82-4EA0-98FA-5633B713F16B}.Release|x86.ActiveCfg = Release|x86
		{869C7787-6C82-4EA0-98FA-5633B713F16B}.Release|x86.Build.0 = Release|x86
		{ACE2955A-8D3A-4B4F-9679-8C4748C4576E}.Debug|x86.ActiveCfg = Debug|x86
		{ACE2955A-8D3A-4B4F-9679-8C4748C4576E}.Debug|x86.Build.0 = Debug|x86
		{ACE2955A-8D3A-4B4F-9679-8C4748C4576E}.Release|x86.ActiveCfg = Release|x86
		{ACE2955A-8D3A-4B4F-9679-8C4748C4576E}.Release|x86.Build.0 = Release|x86
		{D6A4A2A9-CC47-4BCA-8F40-60CED5B30C13}.Debug|x86.ActiveCfg = Debug|x86
		{D6A4A2A9-CC47-4BCA-8F40-60CED5B30C13}.Debug|x86.Build.0 = Debug|x86
		{D6A4A2A9-CC47-4BCA-8F40-60CED5B30C13}.Release|x86.ActiveCfg = Release|x86
		{D6A4A2A9-CC47-4BCA-8F40-60CED5B30C13}.Release|x86.Build.0 = Release|x86
	EndGlobalSection
	GlobalSection(SolutionProperties) = preSolution
		HideSolutionNode = FALSE
	EndGlobalSection
EndGlobal
